# -------------------------------------------------------------------------- #
#
# Copyright (C) 1991-2013 Altera Corporation
# Your use of Altera Corporation's design tools, logic functions 
# and other software and tools, and its AMPP partner logic 
# functions, and any output files from any of the foregoing 
# (including device programming or simulation files), and any 
# associated documentation or information are expressly subject 
# to the terms and conditions of the Altera Program License 
# Subscription Agreement, Altera MegaCore Function License 
# Agreement, or other applicable license agreement, including, 
# without limitation, that your use is for the sole purpose of 
# programming logic devices manufactured by Altera and sold by 
# Altera or its authorized distributors.  Please refer to the 
# applicable agreement for further details.
#
# -------------------------------------------------------------------------- #
#
# Quartus II 64-Bit
# Version 13.1.0 Build 162 10/23/2013 SJ Full Version
# Date created = 07:02:49  June 30, 2017
#
# -------------------------------------------------------------------------- #
#
# Notes:
#
# 1) The default values for assignments are stored in the file:
#		Z_GCBs_assignment_defaults.qdf
#    If this file doesn't exist, see file:
#		assignment_defaults.qdf
#
# 2) Altera recommends that you do not modify this file. This
#    file is updated automatically by the Quartus II software
#    and any changes you make may be lost or overwritten.
#
# -------------------------------------------------------------------------- #


set_global_assignment -name FAMILY "Cyclone IV E"
set_global_assignment -name DEVICE EP4CE115F23I7
set_global_assignment -name TOP_LEVEL_ENTITY Z_GCBs
set_global_assignment -name ORIGINAL_QUARTUS_VERSION 13.1
set_global_assignment -name PROJECT_CREATION_TIME_DATE "07:02:49  JUNE 30, 2017"
set_global_assignment -name LAST_QUARTUS_VERSION "18.1.0 Standard Edition"
set_global_assignment -name VHDL_INPUT_VERSION VHDL_2008
set_global_assignment -name PROJECT_OUTPUT_DIRECTORY output_files
set_global_assignment -name MIN_CORE_JUNCTION_TEMP "-40"
set_global_assignment -name MAX_CORE_JUNCTION_TEMP 100
set_global_assignment -name DEVICE_FILTER_PIN_COUNT 484
set_global_assignment -name ERROR_CHECK_FREQUENCY_DIVISOR 1
set_global_assignment -name PARTITION_NETLIST_TYPE SOURCE -section_id Top
set_global_assignment -name PARTITION_FITTER_PRESERVATION_LEVEL PLACEMENT_AND_ROUTING -section_id Top
set_global_assignment -name PARTITION_COLOR 16764057 -section_id Top
set_location_assignment PIN_E5 -to AD_D[0]
set_location_assignment PIN_F1 -to AD_D[1]
set_location_assignment PIN_E1 -to AD_D[2]
set_location_assignment PIN_C1 -to AD_D[3]
set_location_assignment PIN_B1 -to AD_D[4]
set_location_assignment PIN_B2 -to AD_D[5]
set_location_assignment PIN_A3 -to AD_D[6]
set_location_assignment PIN_B3 -to AD_D[7]
set_location_assignment PIN_A4 -to AD_D[8]
set_location_assignment PIN_B4 -to AD_D[9]
set_location_assignment PIN_A5 -to AD_D[10]
set_location_assignment PIN_B5 -to AD_D[11]
set_location_assignment PIN_A6 -to AD_D[12]
set_location_assignment PIN_B6 -to AD_D[13]
set_location_assignment PIN_A7 -to AD_D[14]
set_location_assignment PIN_B7 -to AD_D[15]
set_location_assignment PIN_AB9 -to DF_D[0]
set_location_assignment PIN_AA9 -to DF_D[1]
set_location_assignment PIN_AB10 -to DF_D[2]
set_location_assignment PIN_AA10 -to DF_D[3]
set_location_assignment PIN_V13 -to DF_D[4]
set_location_assignment PIN_U12 -to DF_D[5]
set_location_assignment PIN_V12 -to DF_D[6]
set_location_assignment PIN_U11 -to DF_D[7]
set_location_assignment PIN_V11 -to DF_D[8]
set_location_assignment PIN_Y10 -to DF_D[9]
set_location_assignment PIN_W10 -to DF_D[10]
set_location_assignment PIN_V10 -to DF_D[11]
set_location_assignment PIN_V9 -to DF_D[12]
set_location_assignment PIN_U9 -to DF_D[13]
set_location_assignment PIN_W8 -to DF_D[14]
set_location_assignment PIN_AA5 -to DF_A[1]
set_location_assignment PIN_AB5 -to DF_A[2]
set_location_assignment PIN_AA4 -to DF_A[3]
set_location_assignment PIN_AB4 -to DF_A[4]
set_location_assignment PIN_AA3 -to DF_A[5]
set_location_assignment PIN_AB3 -to DF_A[6]
set_location_assignment PIN_V8 -to DF_A[7]
set_location_assignment PIN_W7 -to DF_A[8]
set_location_assignment PIN_Y7 -to DF_A[9]
set_location_assignment PIN_Y6 -to DF_A[10]
set_location_assignment PIN_W6 -to DF_A[11]
set_location_assignment PIN_V5 -to DF_A[12]
set_location_assignment PIN_Y3 -to DF_A[13]
set_location_assignment PIN_T5 -to DF_A[14]
set_location_assignment PIN_Y4 -to DF_A[15]
set_global_assignment -name ENABLE_CONFIGURATION_PINS OFF
set_global_assignment -name ENABLE_NCE_PIN OFF
set_global_assignment -name ENABLE_BOOT_SEL_PIN OFF
set_global_assignment -name USE_CONFIGURATION_DEVICE ON
set_global_assignment -name CYCLONEIII_CONFIGURATION_DEVICE EPCS16
set_global_assignment -name CRC_ERROR_OPEN_DRAIN OFF
set_global_assignment -name RESERVE_ALL_UNUSED_PINS_WEAK_PULLUP "AS INPUT TRI-STATED"
set_global_assignment -name OUTPUT_IO_TIMING_NEAR_END_VMEAS "HALF VCCIO" -rise
set_global_assignment -name OUTPUT_IO_TIMING_NEAR_END_VMEAS "HALF VCCIO" -fall
set_global_assignment -name OUTPUT_IO_TIMING_FAR_END_VMEAS "HALF SIGNAL SWING" -rise
set_global_assignment -name OUTPUT_IO_TIMING_FAR_END_VMEAS "HALF SIGNAL SWING" -fall
set_global_assignment -name STRATIX_DEVICE_IO_STANDARD "2.5 V"
set_global_assignment -name RESERVE_DATA1_AFTER_CONFIGURATION "USE AS REGULAR IO"
set_global_assignment -name RESERVE_FLASH_NCE_AFTER_CONFIGURATION "USE AS REGULAR IO"
set_location_assignment PIN_H18 -to I1
set_location_assignment PIN_M22 -to I2
set_location_assignment PIN_J18 -to I3
set_location_assignment PIN_J20 -to I4
set_location_assignment PIN_M21 -to I5
set_location_assignment PIN_K18 -to I6
set_location_assignment PIN_G1 -to CLKIN
set_location_assignment PIN_D1 -to F_LED0
set_location_assignment PIN_E2 -to F_LED1
set_location_assignment PIN_C3 -to AD1_RES
set_location_assignment PIN_D2 -to AD1_CS
set_location_assignment PIN_C2 -to AD1_RD
set_location_assignment PIN_E3 -to AD1_CONV
set_location_assignment PIN_E4 -to OS1_0
set_location_assignment PIN_C4 -to OS1_1
set_location_assignment PIN_F2 -to OS1_2
set_location_assignment PIN_E6 -to AD2_RES
set_location_assignment PIN_D6 -to AD2_CS
set_location_assignment PIN_C6 -to AD2_RD
set_location_assignment PIN_D7 -to AD2_CONV
set_location_assignment PIN_F7 -to OS2_0
set_location_assignment PIN_E7 -to OS2_1
set_location_assignment PIN_C7 -to OS2_2
set_location_assignment PIN_Y8 -to DF_D[15]
set_location_assignment PIN_AB6 -to DF_A[0]
set_location_assignment PIN_P2 -to DF_IO12
set_location_assignment PIN_AA8 -to DF_XWE
set_location_assignment PIN_AB7 -to DF_XRD
set_location_assignment PIN_AA6 -to DF_CSRAM
set_global_assignment -name CYCLONEII_RESERVE_NCEO_AFTER_CONFIGURATION "USE AS REGULAR IO"
set_global_assignment -name TIMING_ANALYZER_MULTICORNER_ANALYSIS ON
set_global_assignment -name SMART_RECOMPILE OFF
set_global_assignment -name NUM_PARALLEL_PROCESSORS ALL
set_global_assignment -name POWER_PRESET_COOLING_SOLUTION "23 MM HEAT SINK WITH 200 LFPM AIRFLOW"
set_global_assignment -name POWER_BOARD_THERMAL_MODEL "NONE (CONSERVATIVE)"
set_location_assignment PIN_G18 -to Q1
set_location_assignment PIN_F15 -to Q2
set_location_assignment PIN_L22 -to Q3
set_location_assignment PIN_H19 -to Q4
set_location_assignment PIN_H20 -to Q5
set_location_assignment PIN_L21 -to Q6
set_global_assignment -name ALLOW_REGISTER_MERGING OFF
set_global_assignment -name ALLOW_REGISTER_RETIMING ON
set_location_assignment PIN_E8 -to A_R1
set_location_assignment PIN_D13 -to A_T1
set_location_assignment PIN_D8 -to A_R2
set_location_assignment PIN_A13 -to A_T2
set_location_assignment PIN_B8 -to A_R3
set_location_assignment PIN_E14 -to A_T3
set_location_assignment PIN_E9 -to A_R4
set_location_assignment PIN_B15 -to A_T4
set_location_assignment PIN_D10 -to A_R5
set_location_assignment PIN_F14 -to A_T5
set_location_assignment PIN_P20 -to A_R6
set_location_assignment PIN_W21 -to A_T6
set_location_assignment PIN_N18 -to A_R7
set_location_assignment PIN_Y17 -to A_T7
set_location_assignment PIN_R20 -to A_R8
set_location_assignment PIN_AA17 -to A_T8
set_location_assignment PIN_T20 -to A_R9
set_location_assignment PIN_T16 -to A_T9
set_location_assignment PIN_W20 -to A_R10
set_location_assignment PIN_AA15 -to A_T10
set_location_assignment PIN_F9 -to A_R11
set_location_assignment PIN_F11 -to A_T11
set_location_assignment PIN_A9 -to A_R12
set_location_assignment PIN_F13 -to A_T12
set_location_assignment PIN_B9 -to A_R13
set_location_assignment PIN_B13 -to A_T13
set_location_assignment PIN_E12 -to A_R14
set_location_assignment PIN_D15 -to A_T14
set_location_assignment PIN_E11 -to A_R15
set_location_assignment PIN_B14 -to A_T15
set_location_assignment PIN_R21 -to A_R16
set_location_assignment PIN_T17 -to A_T16
set_location_assignment PIN_R22 -to A_R17
set_location_assignment PIN_AB18 -to A_T17
set_location_assignment PIN_U22 -to A_R18
set_location_assignment PIN_AB19 -to A_T18
set_location_assignment PIN_U21 -to A_R19
set_location_assignment PIN_AA16 -to A_T19
set_location_assignment PIN_AA19 -to A_R20
set_location_assignment PIN_AB15 -to A_T20
set_location_assignment PIN_F10 -to B_R1
set_location_assignment PIN_B10 -to B_T1
set_location_assignment PIN_C10 -to B_R2
set_location_assignment PIN_A14 -to B_T2
set_location_assignment PIN_E13 -to B_R3
set_location_assignment PIN_C15 -to B_T3
set_location_assignment PIN_C13 -to B_R4
set_location_assignment PIN_A16 -to B_T4
set_location_assignment PIN_A10 -to B_R5
set_location_assignment PIN_A15 -to B_T5
set_location_assignment PIN_R16 -to B_R6
set_location_assignment PIN_Y22 -to B_T6
set_location_assignment PIN_R19 -to B_R7
set_location_assignment PIN_AB20 -to B_T7
set_location_assignment PIN_R17 -to B_R8
set_location_assignment PIN_AB17 -to B_T8
set_location_assignment PIN_T19 -to B_R9
set_location_assignment PIN_T15 -to B_T9
set_location_assignment PIN_AA20 -to B_R10
set_location_assignment PIN_V15 -to B_T10
set_location_assignment PIN_B17 -to B_R11
set_location_assignment PIN_C17 -to B_T11
set_location_assignment PIN_B16 -to B_R12
set_location_assignment PIN_A19 -to B_T12
set_location_assignment PIN_A17 -to B_R13
set_location_assignment PIN_B19 -to B_T13
set_location_assignment PIN_A18 -to B_R14
set_location_assignment PIN_A20 -to B_T14
set_location_assignment PIN_B18 -to B_R15
set_location_assignment PIN_B20 -to B_T15
set_location_assignment PIN_N20 -to B_R16
set_location_assignment PIN_T18 -to B_T16
set_location_assignment PIN_N19 -to B_R17
set_location_assignment PIN_AA18 -to B_T17
set_location_assignment PIN_P21 -to B_R18
set_location_assignment PIN_W17 -to B_T18
set_location_assignment PIN_W19 -to B_R19
set_location_assignment PIN_V16 -to B_T19
set_location_assignment PIN_V21 -to B_R20
set_location_assignment PIN_Y15 -to B_T20
set_location_assignment PIN_C20 -to C_R1
set_location_assignment PIN_D19 -to C_T1
set_location_assignment PIN_C18 -to C_R2
set_location_assignment PIN_C22 -to C_T2
set_location_assignment PIN_C19 -to C_R3
set_location_assignment PIN_D18 -to C_T3
set_location_assignment PIN_B22 -to C_R4
set_location_assignment PIN_C21 -to C_T4
set_location_assignment PIN_B21 -to C_R5
set_location_assignment PIN_D22 -to C_T5
set_location_assignment PIN_M19 -to C_R6
set_location_assignment PIN_U20 -to C_T6
set_location_assignment PIN_M16 -to C_R7
set_location_assignment PIN_AA21 -to C_T7
set_location_assignment PIN_P22 -to C_R8
set_location_assignment PIN_AB16 -to C_T8
set_location_assignment PIN_W15 -to C_R9
set_location_assignment PIN_AA14 -to C_T9
set_location_assignment PIN_Y14 -to C_R10
set_location_assignment PIN_W14 -to C_T10
set_location_assignment PIN_A8 -to C_R11
set_location_assignment PIN_E16 -to C_T11
set_location_assignment PIN_C8 -to C_R12
set_location_assignment PIN_E22 -to C_T12
set_location_assignment PIN_D17 -to C_R13
set_location_assignment PIN_F22 -to C_T13
set_location_assignment PIN_D20 -to C_R14
set_location_assignment PIN_E21 -to C_T14
set_location_assignment PIN_D21 -to C_R15
set_location_assignment PIN_H22 -to C_T15
set_location_assignment PIN_N22 -to C_R16
set_location_assignment PIN_AB14 -to C_T16
set_location_assignment PIN_K19 -to C_R17
set_location_assignment PIN_W22 -to C_T17
set_location_assignment PIN_M20 -to C_R18
set_location_assignment PIN_V14 -to C_T18
set_location_assignment PIN_N21 -to C_R19
set_location_assignment PIN_AA13 -to C_T19
set_location_assignment PIN_V22 -to C_R20
set_location_assignment PIN_W13 -to C_T20
set_location_assignment PIN_J22 -to A_R21
set_location_assignment PIN_F20 -to A_T21
set_location_assignment PIN_F21 -to A_R22
set_location_assignment PIN_F19 -to A_T22
set_location_assignment PIN_H21 -to B_R21
set_location_assignment PIN_K22 -to B_T21
set_location_assignment PIN_E15 -to B_R22
set_location_assignment PIN_F17 -to B_T22
set_location_assignment PIN_J21 -to C_R21
set_location_assignment PIN_K21 -to C_T21
set_location_assignment PIN_AB13 -to C_R22
set_location_assignment PIN_Y13 -to C_T22
set_global_assignment -name PARTITION_NETLIST_TYPE POST_SYNTH -section_id "DF_chd:inst7"
set_global_assignment -name PARTITION_FITTER_PRESERVATION_LEVEL PLACEMENT_AND_ROUTING -section_id "DF_chd:inst7"
set_global_assignment -name PARTITION_COLOR 39423 -section_id "DF_chd:inst7"
set_global_assignment -name SDC_FILE Z_GCBs.sdc
set_global_assignment -name QXP_FILE "DF_chd-inst7.qxp"
set_global_assignment -name BDF_FILE Z_GCBs.bdf
set_global_assignment -name VHDL_FILE TEST_sinwt.vhd
set_global_assignment -name VHDL_FILE TEST_CON.vhd
set_global_assignment -name VHDL_FILE sz_ad_param_sel.vhd
set_global_assignment -name VHDL_FILE sz_ad_tx.vhd
set_global_assignment -name VHDL_FILE sz_ad_det.vhd
set_global_assignment -name VHDL_FILE SQRT_32.vhd
set_global_assignment -name VHDL_FILE Rom_16_2048.vhd
set_global_assignment -name VHDL_FILE ROM2_16_2048_2.vhd
set_global_assignment -name VHDL_FILE ROM2_16_2048.vhd
set_global_assignment -name VHDL_FILE RMS_Cal.vhd
set_global_assignment -name VHDL_FILE RAM_32_64.vhd
set_global_assignment -name VHDL_FILE RAM_32_2048.vhd
set_global_assignment -name VHDL_FILE RAM_16_8192.vhd
set_global_assignment -name VHDL_FILE RAM_16_2048.vhd
set_global_assignment -name VHDL_FILE RAM1_20_2048.vhd
set_global_assignment -name VHDL_FILE PWM_GE.vhd
set_global_assignment -name VHDL_FILE PLL_128M.vhd
set_global_assignment -name VHDL_FILE P_udlCal.vhd
set_global_assignment -name VHDL_FILE TX_Comm.vhd
set_global_assignment -name VHDL_FILE lg_kzzsc.vhd
set_global_assignment -name VHDL_FILE IO_Detect.vhd
set_global_assignment -name VHDL_FILE dc_HBCON.vhd
set_global_assignment -name VHDL_FILE module/Core/LlcConCore/vo_ma_filter.vhd
set_global_assignment -name VHDL_FILE module/Core/LlcConCore/id_ma_filter.vhd
set_global_assignment -name VHDL_FILE module/Core/LlcConCore/llc_ramp.vhd
set_global_assignment -name VHDL_FILE module/Core/LlcConCore/llc_period_pi.vhd
set_global_assignment -name VHDL_FILE module/Core/LlcConCore/llc_con_core.vhd
set_global_assignment -name VHDL_FILE module/Core/LlcConCore/llc_fault.vhd
set_global_assignment -name VHDL_FILE module/Core/LlcConCore/llc_burst.vhd
set_global_assignment -name VHDL_FILE module/Core/DelayCore/delay_core.vhd
set_global_assignment -name VHDL_FILE module/Core/DebugTest/debug_test.vhd
set_global_assignment -name VHDL_FILE module/Core/UartCore/uart_send.vhd
set_global_assignment -name VHDL_FILE module/Core/UartCore/uart_recv.vhd
set_global_assignment -name VHDL_FILE module/Core/UartCore/uart_cmd_parser.vhd
set_global_assignment -name VHDL_FILE module/Core/UartCore/uart_debug_core.vhd
set_global_assignment -name ENABLE_SIGNALTAP ON
set_global_assignment -name USE_SIGNALTAP_FILE output_files/stp1.stp
set_global_assignment -name SIGNALTAP_FILE output_files/stp1.stp
set_global_assignment -name SLD_NODE_CREATOR_ID 110 -section_id auto_signaltap_0
set_global_assignment -name SLD_NODE_ENTITY_NAME sld_signaltap -section_id auto_signaltap_0
set_instance_assignment -name CONNECT_TO_SLD_NODE_ENTITY_PORT acq_clk -to sz_tx -section_id auto_signaltap_0
set_instance_assignment -name CONNECT_TO_SLD_NODE_ENTITY_PORT acq_data_in[0] -to dPS[0] -section_id auto_signaltap_0
set_instance_assignment -name CONNECT_TO_SLD_NODE_ENTITY_PORT acq_data_in[1] -to dPS[10] -section_id auto_signaltap_0
set_instance_assignment -name CONNECT_TO_SLD_NODE_ENTITY_PORT acq_data_in[2] -to dPS[11] -section_id auto_signaltap_0
set_instance_assignment -name CONNECT_TO_SLD_NODE_ENTITY_PORT acq_data_in[3] -to dPS[12] -section_id auto_signaltap_0
set_instance_assignment -name CONNECT_TO_SLD_NODE_ENTITY_PORT acq_data_in[4] -to dPS[13] -section_id auto_signaltap_0
set_instance_assignment -name CONNECT_TO_SLD_NODE_ENTITY_PORT acq_data_in[5] -to dPS[14] -section_id auto_signaltap_0
set_instance_assignment -name CONNECT_TO_SLD_NODE_ENTITY_PORT acq_data_in[6] -to dPS[15] -section_id auto_signaltap_0
set_instance_assignment -name CONNECT_TO_SLD_NODE_ENTITY_PORT acq_data_in[7] -to dPS[1] -section_id auto_signaltap_0
set_instance_assignment -name CONNECT_TO_SLD_NODE_ENTITY_PORT acq_data_in[8] -to dPS[2] -section_id auto_signaltap_0
set_instance_assignment -name CONNECT_TO_SLD_NODE_ENTITY_PORT acq_data_in[9] -to dPS[3] -section_id auto_signaltap_0
set_instance_assignment -name CONNECT_TO_SLD_NODE_ENTITY_PORT acq_data_in[10] -to dPS[4] -section_id auto_signaltap_0
set_instance_assignment -name CONNECT_TO_SLD_NODE_ENTITY_PORT acq_data_in[11] -to dPS[5] -section_id auto_signaltap_0
set_instance_assignment -name CONNECT_TO_SLD_NODE_ENTITY_PORT acq_data_in[12] -to dPS[6] -section_id auto_signaltap_0
set_instance_assignment -name CONNECT_TO_SLD_NODE_ENTITY_PORT acq_data_in[13] -to dPS[7] -section_id auto_signaltap_0
set_instance_assignment -name CONNECT_TO_SLD_NODE_ENTITY_PORT acq_data_in[14] -to dPS[8] -section_id auto_signaltap_0
set_instance_assignment -name CONNECT_TO_SLD_NODE_ENTITY_PORT acq_data_in[15] -to dPS[9] -section_id auto_signaltap_0
set_instance_assignment -name CONNECT_TO_SLD_NODE_ENTITY_PORT acq_data_in[16] -to sz_res -section_id auto_signaltap_0
set_global_assignment -name SLD_NODE_PARAMETER_ASSIGNMENT "SLD_RAM_BLOCK_TYPE=AUTO" -section_id auto_signaltap_0
set_global_assignment -name SLD_NODE_PARAMETER_ASSIGNMENT "SLD_DATA_BITS=17" -section_id auto_signaltap_0
set_global_assignment -name SLD_NODE_PARAMETER_ASSIGNMENT "SLD_STORAGE_QUALIFIER_BITS=17" -section_id auto_signaltap_0
set_global_assignment -name SLD_NODE_PARAMETER_ASSIGNMENT "SLD_NODE_INFO=805334528" -section_id auto_signaltap_0
set_global_assignment -name SLD_NODE_PARAMETER_ASSIGNMENT "SLD_POWER_UP_TRIGGER=0" -section_id auto_signaltap_0
set_global_assignment -name SLD_NODE_PARAMETER_ASSIGNMENT "SLD_STORAGE_QUALIFIER_INVERSION_MASK_LENGTH=0" -section_id auto_signaltap_0
set_global_assignment -name SLD_NODE_PARAMETER_ASSIGNMENT "SLD_SEGMENT_SIZE=128" -section_id auto_signaltap_0
set_global_assignment -name SLD_NODE_PARAMETER_ASSIGNMENT "SLD_ATTRIBUTE_MEM_MODE=OFF" -section_id auto_signaltap_0
set_global_assignment -name SLD_NODE_PARAMETER_ASSIGNMENT "SLD_STATE_FLOW_USE_GENERATED=0" -section_id auto_signaltap_0
set_global_assignment -name SLD_NODE_PARAMETER_ASSIGNMENT "SLD_STATE_BITS=11" -section_id auto_signaltap_0
set_global_assignment -name SLD_NODE_PARAMETER_ASSIGNMENT "SLD_BUFFER_FULL_STOP=1" -section_id auto_signaltap_0
set_global_assignment -name SLD_NODE_PARAMETER_ASSIGNMENT "SLD_CURRENT_RESOURCE_WIDTH=1" -section_id auto_signaltap_0
set_global_assignment -name SLD_NODE_PARAMETER_ASSIGNMENT "SLD_INCREMENTAL_ROUTING=1" -section_id auto_signaltap_0
set_instance_assignment -name POST_FIT_CONNECT_TO_SLD_NODE_ENTITY_PORT crc[0] -to auto_signaltap_0|gnd -section_id auto_signaltap_0
set_instance_assignment -name POST_FIT_CONNECT_TO_SLD_NODE_ENTITY_PORT crc[2] -to auto_signaltap_0|gnd -section_id auto_signaltap_0
set_instance_assignment -name POST_FIT_CONNECT_TO_SLD_NODE_ENTITY_PORT crc[4] -to auto_signaltap_0|gnd -section_id auto_signaltap_0
set_instance_assignment -name POST_FIT_CONNECT_TO_SLD_NODE_ENTITY_PORT crc[7] -to auto_signaltap_0|gnd -section_id auto_signaltap_0
set_instance_assignment -name POST_FIT_CONNECT_TO_SLD_NODE_ENTITY_PORT crc[8] -to auto_signaltap_0|gnd -section_id auto_signaltap_0
set_instance_assignment -name POST_FIT_CONNECT_TO_SLD_NODE_ENTITY_PORT crc[9] -to auto_signaltap_0|vcc -section_id auto_signaltap_0
set_instance_assignment -name POST_FIT_CONNECT_TO_SLD_NODE_ENTITY_PORT crc[11] -to auto_signaltap_0|vcc -section_id auto_signaltap_0
set_instance_assignment -name POST_FIT_CONNECT_TO_SLD_NODE_ENTITY_PORT crc[12] -to auto_signaltap_0|vcc -section_id auto_signaltap_0
set_instance_assignment -name POST_FIT_CONNECT_TO_SLD_NODE_ENTITY_PORT crc[14] -to auto_signaltap_0|vcc -section_id auto_signaltap_0
set_instance_assignment -name POST_FIT_CONNECT_TO_SLD_NODE_ENTITY_PORT crc[15] -to auto_signaltap_0|vcc -section_id auto_signaltap_0
set_instance_assignment -name POST_FIT_CONNECT_TO_SLD_NODE_ENTITY_PORT crc[16] -to auto_signaltap_0|gnd -section_id auto_signaltap_0
set_instance_assignment -name POST_FIT_CONNECT_TO_SLD_NODE_ENTITY_PORT crc[18] -to auto_signaltap_0|gnd -section_id auto_signaltap_0
set_instance_assignment -name POST_FIT_CONNECT_TO_SLD_NODE_ENTITY_PORT crc[19] -to auto_signaltap_0|gnd -section_id auto_signaltap_0
set_instance_assignment -name POST_FIT_CONNECT_TO_SLD_NODE_ENTITY_PORT crc[20] -to auto_signaltap_0|gnd -section_id auto_signaltap_0
set_instance_assignment -name POST_FIT_CONNECT_TO_SLD_NODE_ENTITY_PORT crc[24] -to auto_signaltap_0|vcc -section_id auto_signaltap_0
set_instance_assignment -name POST_FIT_CONNECT_TO_SLD_NODE_ENTITY_PORT crc[26] -to auto_signaltap_0|vcc -section_id auto_signaltap_0
set_instance_assignment -name POST_FIT_CONNECT_TO_SLD_NODE_ENTITY_PORT crc[28] -to auto_signaltap_0|vcc -section_id auto_signaltap_0
set_instance_assignment -name POST_FIT_CONNECT_TO_SLD_NODE_ENTITY_PORT crc[29] -to auto_signaltap_0|vcc -section_id auto_signaltap_0
set_instance_assignment -name POST_FIT_CONNECT_TO_SLD_NODE_ENTITY_PORT crc[31] -to auto_signaltap_0|vcc -section_id auto_signaltap_0
set_global_assignment -name SLD_NODE_PARAMETER_ASSIGNMENT "SLD_TRIGGER_LEVEL=1" -section_id auto_signaltap_0
set_global_assignment -name SLD_NODE_PARAMETER_ASSIGNMENT "SLD_SAMPLE_DEPTH=128" -section_id auto_signaltap_0
set_global_assignment -name SLD_NODE_PARAMETER_ASSIGNMENT "SLD_TRIGGER_IN_ENABLED=0" -section_id auto_signaltap_0
set_global_assignment -name SLD_NODE_PARAMETER_ASSIGNMENT "SLD_TRIGGER_PIPELINE=0" -section_id auto_signaltap_0
set_global_assignment -name SLD_NODE_PARAMETER_ASSIGNMENT "SLD_RAM_PIPELINE=0" -section_id auto_signaltap_0
set_global_assignment -name SLD_NODE_PARAMETER_ASSIGNMENT "SLD_COUNTER_PIPELINE=0" -section_id auto_signaltap_0
set_global_assignment -name SLD_NODE_PARAMETER_ASSIGNMENT "SLD_TRIGGER_LEVEL_PIPELINE=1" -section_id auto_signaltap_0
set_global_assignment -name SLD_NODE_PARAMETER_ASSIGNMENT "SLD_INVERSION_MASK=000000000000000000000" -section_id auto_signaltap_0
set_global_assignment -name SLD_NODE_PARAMETER_ASSIGNMENT "SLD_INVERSION_MASK_LENGTH=21" -section_id auto_signaltap_0
set_instance_assignment -name POST_FIT_CONNECT_TO_SLD_NODE_ENTITY_PORT crc[21] -to auto_signaltap_0|vcc -section_id auto_signaltap_0
set_instance_assignment -name POST_FIT_CONNECT_TO_SLD_NODE_ENTITY_PORT crc[23] -to auto_signaltap_0|gnd -section_id auto_signaltap_0
set_instance_assignment -name POST_FIT_CONNECT_TO_SLD_NODE_ENTITY_PORT crc[25] -to auto_signaltap_0|vcc -section_id auto_signaltap_0
set_instance_assignment -name POST_FIT_CONNECT_TO_SLD_NODE_ENTITY_PORT crc[27] -to auto_signaltap_0|gnd -section_id auto_signaltap_0
set_instance_assignment -name POST_FIT_CONNECT_TO_SLD_NODE_ENTITY_PORT crc[30] -to auto_signaltap_0|gnd -section_id auto_signaltap_0
set_global_assignment -name SLD_NODE_PARAMETER_ASSIGNMENT "SLD_ENABLE_ADVANCED_TRIGGER=1" -section_id auto_signaltap_0
set_instance_assignment -name CONNECT_TO_SLD_NODE_ENTITY_PORT acq_trigger_in[0] -to sz_res -section_id auto_signaltap_0
set_global_assignment -name SLD_NODE_PARAMETER_ASSIGNMENT "SLD_TRIGGER_BITS=1" -section_id auto_signaltap_0
set_instance_assignment -name POST_FIT_CONNECT_TO_SLD_NODE_ENTITY_PORT crc[1] -to auto_signaltap_0|vcc -section_id auto_signaltap_0
set_instance_assignment -name POST_FIT_CONNECT_TO_SLD_NODE_ENTITY_PORT crc[3] -to auto_signaltap_0|vcc -section_id auto_signaltap_0
set_instance_assignment -name POST_FIT_CONNECT_TO_SLD_NODE_ENTITY_PORT crc[5] -to auto_signaltap_0|gnd -section_id auto_signaltap_0
set_instance_assignment -name POST_FIT_CONNECT_TO_SLD_NODE_ENTITY_PORT crc[6] -to auto_signaltap_0|vcc -section_id auto_signaltap_0
set_instance_assignment -name POST_FIT_CONNECT_TO_SLD_NODE_ENTITY_PORT crc[10] -to auto_signaltap_0|gnd -section_id auto_signaltap_0
set_instance_assignment -name POST_FIT_CONNECT_TO_SLD_NODE_ENTITY_PORT crc[13] -to auto_signaltap_0|vcc -section_id auto_signaltap_0
set_instance_assignment -name POST_FIT_CONNECT_TO_SLD_NODE_ENTITY_PORT crc[17] -to auto_signaltap_0|vcc -section_id auto_signaltap_0
set_instance_assignment -name POST_FIT_CONNECT_TO_SLD_NODE_ENTITY_PORT crc[22] -to auto_signaltap_0|gnd -section_id auto_signaltap_0
set_global_assignment -name SLD_NODE_PARAMETER_ASSIGNMENT "SLD_ADVANCED_TRIGGER_ENTITY=sld_reserved_Z_GCBs_auto_signaltap_0_1_1040," -section_id auto_signaltap_0
set_instance_assignment -name PARTITION_HIERARCHY root_partition -to | -section_id Top
set_instance_assignment -name PARTITION_HIERARCHY inst7_23701 -to "DF_chd:inst7" -section_id "DF_chd:inst7"
set_global_assignment -name SLD_FILE db/stp1_auto_stripped.stp